
Microsoft Visual Studio Solution File, Format Version 12.00
# Visual Studio Version 17
VisualStudioVersion = 17.11.35125.118
MinimumVisualStudioVersion = 10.0.40219.1
Project("{FAE04EC0-301F-11D3-BF4B-00C04F79EFBC}") = "Nexus.Start", "Nexus.Start\Nexus.Start.csproj", "{A933468F-DE2D-4EE7-ACC0-79D5E2B1CE1F}"
EndProject
Project("{FAE04EC0-301F-11D3-BF4B-00C04F79EFBC}") = "Nexus.Networking", "Nexus.Networking\Nexus.Networking.csproj", "{A26D1983-64AA-4544-B5BF-5E38F9E0153F}"
EndProject
Project("{FAE04EC0-301F-11D3-BF4B-00C04F79EFBC}") = "Nexus.Framework.Abstraction", "Nexus.Framework.Abstraction\Nexus.Framework.Abstraction.csproj", "{6E9248B5-9D07-4906-B6B3-5F3DF8EDD2D2}"
EndProject
Project("{2150E333-8FDC-42A3-9474-1A3956D46DE8}") = "Solution Items", "Solution Items", "{A0661FFB-563A-4899-BDC1-EE2450078453}"
	ProjectSection(SolutionItems) = preProject
		.editorconfig = .editorconfig
		CodeGenerationProjectTemplate.csproj = CodeGenerationProjectTemplate.csproj
		ModuleProjectTemplate.csproj = ModuleProjectTemplate.csproj
	EndProjectSection
EndProject
Project("{2150E333-8FDC-42A3-9474-1A3956D46DE8}") = "Networking", "Networking", "{0799307E-2978-44AB-8FA8-0C1EA52EA86E}"
EndProject
Project("{2150E333-8FDC-42A3-9474-1A3956D46DE8}") = "Framework", "Framework", "{EC975EBA-BD13-422B-A1AB-FBDBB6F47B6C}"
EndProject
Project("{FAE04EC0-301F-11D3-BF4B-00C04F79EFBC}") = "Nexus.Networking.Abstraction", "Nexus.Networking.Abstraction\Nexus.Networking.Abstraction.csproj", "{270AF04C-3051-4AF9-8C5C-47B9F4FB62C9}"
EndProject
Project("{FAE04EC0-301F-11D3-BF4B-00C04F79EFBC}") = "Nexus.Networking.CodeGeneration", "Nexus.Networking.CodeGeneration\Nexus.Networking.CodeGeneration.csproj", "{DBA68158-0824-4527-A9F3-DC6999613A25}"
EndProject
Project("{FAE04EC0-301F-11D3-BF4B-00C04F79EFBC}") = "Nexus.Framework.CodeGeneration.Shared", "Nexus.Framework.CodeGeneration.Shared\Nexus.Framework.CodeGeneration.Shared.csproj", "{0E401346-B289-4BA2-9745-3F3473A2D737}"
EndProject
Project("{FAE04EC0-301F-11D3-BF4B-00C04F79EFBC}") = "Nexus.Shared", "Nexus.Shared\Nexus.Shared.csproj", "{4B01D380-0AA0-4007-97C6-451007AFE42C}"
EndProject
Project("{2150E333-8FDC-42A3-9474-1A3956D46DE8}") = "Modules", "Modules", "{0DE1D43E-58F5-463E-BB33-E24A47A1AC10}"
EndProject
Project("{FAE04EC0-301F-11D3-BF4B-00C04F79EFBC}") = "Nexus.SharedModule", "Nexus.SharedModule\Nexus.SharedModule.csproj", "{706924AD-4D90-49D1-97BC-2817851AAFA4}"
EndProject
Project("{2150E333-8FDC-42A3-9474-1A3956D46DE8}") = "Shared", "Shared", "{CD76D448-4ADF-4A91-9F92-4DBD6C0E11B9}"
EndProject
Project("{FAE04EC0-301F-11D3-BF4B-00C04F79EFBC}") = "Nexus.Shared.CodeGeneration", "Nexus.Shared.CodeGeneration\Nexus.Shared.CodeGeneration.csproj", "{57E8C033-3B7E-4C14-9A56-790448EB0234}"
EndProject
Project("{FAE04EC0-301F-11D3-BF4B-00C04F79EFBC}") = "Nexus.SharedModule.Abstraction", "Nexus.SharedModule.Abstraction\Nexus.SharedModule.Abstraction.csproj", "{60A35EA7-838F-49A4-B9B0-5402B2C48D64}"
EndProject
Project("{2150E333-8FDC-42A3-9474-1A3956D46DE8}") = "Entities", "Entities", "{1138624B-ED52-44D6-B694-D3DCCCF74C40}"
EndProject
Project("{FAE04EC0-301F-11D3-BF4B-00C04F79EFBC}") = "Nexus.Entities", "Nexus.Entities\Nexus.Entities.csproj", "{BA6D0793-25E3-46CD-BF05-7717BA54161D}"
EndProject
Project("{FAE04EC0-301F-11D3-BF4B-00C04F79EFBC}") = "Nexus.Entities.Abstraction", "Nexus.Entities.Abstraction\Nexus.Entities.Abstraction.csproj", "{BBC55D6D-871C-497C-9CEC-C6AD7AC11100}"
EndProject
Project("{2150E333-8FDC-42A3-9474-1A3956D46DE8}") = "Shared", "Shared", "{0CF3DE36-97D9-4974-A0DE-395C0DD8DD38}"
EndProject
Project("{2150E333-8FDC-42A3-9474-1A3956D46DE8}") = "Repository Items", "Repository Items", "{23261328-297E-49E0-962D-DBE1572BDAEA}"
	ProjectSection(SolutionItems) = preProject
		.gitignore = .gitignore
		README.md = README.md
	EndProjectSection
EndProject
Global
	GlobalSection(SolutionConfigurationPlatforms) = preSolution
		Debug|Any CPU = Debug|Any CPU
		Release|Any CPU = Release|Any CPU
	EndGlobalSection
	GlobalSection(ProjectConfigurationPlatforms) = postSolution
		{A933468F-DE2D-4EE7-ACC0-79D5E2B1CE1F}.Debug|Any CPU.ActiveCfg = Debug|Any CPU
		{A933468F-DE2D-4EE7-ACC0-79D5E2B1CE1F}.Debug|Any CPU.Build.0 = Debug|Any CPU
		{A933468F-DE2D-4EE7-ACC0-79D5E2B1CE1F}.Release|Any CPU.ActiveCfg = Release|Any CPU
		{A933468F-DE2D-4EE7-ACC0-79D5E2B1CE1F}.Release|Any CPU.Build.0 = Release|Any CPU
		{A26D1983-64AA-4544-B5BF-5E38F9E0153F}.Debug|Any CPU.ActiveCfg = Debug|Any CPU
		{A26D1983-64AA-4544-B5BF-5E38F9E0153F}.Debug|Any CPU.Build.0 = Debug|Any CPU
		{A26D1983-64AA-4544-B5BF-5E38F9E0153F}.Release|Any CPU.ActiveCfg = Release|Any CPU
		{A26D1983-64AA-4544-B5BF-5E38F9E0153F}.Release|Any CPU.Build.0 = Release|Any CPU
		{6E9248B5-9D07-4906-B6B3-5F3DF8EDD2D2}.Debug|Any CPU.ActiveCfg = Debug|Any CPU
		{6E9248B5-9D07-4906-B6B3-5F3DF8EDD2D2}.Debug|Any CPU.Build.0 = Debug|Any CPU
		{6E9248B5-9D07-4906-B6B3-5F3DF8EDD2D2}.Release|Any CPU.ActiveCfg = Release|Any CPU
		{6E9248B5-9D07-4906-B6B3-5F3DF8EDD2D2}.Release|Any CPU.Build.0 = Release|Any CPU
		{270AF04C-3051-4AF9-8C5C-47B9F4FB62C9}.Debug|Any CPU.ActiveCfg = Debug|Any CPU
		{270AF04C-3051-4AF9-8C5C-47B9F4FB62C9}.Debug|Any CPU.Build.0 = Debug|Any CPU
		{270AF04C-3051-4AF9-8C5C-47B9F4FB62C9}.Release|Any CPU.ActiveCfg = Release|Any CPU
		{270AF04C-3051-4AF9-8C5C-47B9F4FB62C9}.Release|Any CPU.Build.0 = Release|Any CPU
		{DBA68158-0824-4527-A9F3-DC6999613A25}.Debug|Any CPU.ActiveCfg = Debug|Any CPU
		{DBA68158-0824-4527-A9F3-DC6999613A25}.Debug|Any CPU.Build.0 = Debug|Any CPU
		{DBA68158-0824-4527-A9F3-DC6999613A25}.Release|Any CPU.ActiveCfg = Release|Any CPU
		{DBA68158-0824-4527-A9F3-DC6999613A25}.Release|Any CPU.Build.0 = Release|Any CPU
		{0E401346-B289-4BA2-9745-3F3473A2D737}.Debug|Any CPU.ActiveCfg = Debug|Any CPU
		{0E401346-B289-4BA2-9745-3F3473A2D737}.Debug|Any CPU.Build.0 = Debug|Any CPU
		{0E401346-B289-4BA2-9745-3F3473A2D737}.Release|Any CPU.ActiveCfg = Release|Any CPU
		{0E401346-B289-4BA2-9745-3F3473A2D737}.Release|Any CPU.Build.0 = Release|Any CPU
		{4B01D380-0AA0-4007-97C6-451007AFE42C}.Debug|Any CPU.ActiveCfg = Debug|Any CPU
		{4B01D380-0AA0-4007-97C6-451007AFE42C}.Debug|Any CPU.Build.0 = Debug|Any CPU
		{4B01D380-0AA0-4007-97C6-451007AFE42C}.Release|Any CPU.ActiveCfg = Release|Any CPU
		{4B01D380-0AA0-4007-97C6-451007AFE42C}.Release|Any CPU.Build.0 = Release|Any CPU
		{706924AD-4D90-49D1-97BC-2817851AAFA4}.Debug|Any CPU.ActiveCfg = Debug|Any CPU
		{706924AD-4D90-49D1-97BC-2817851AAFA4}.Debug|Any CPU.Build.0 = Debug|Any CPU
		{706924AD-4D90-49D1-97BC-2817851AAFA4}.Release|Any CPU.ActiveCfg = Release|Any CPU
		{706924AD-4D90-49D1-97BC-2817851AAFA4}.Release|Any CPU.Build.0 = Release|Any CPU
		{57E8C033-3B7E-4C14-9A56-790448EB0234}.Debug|Any CPU.ActiveCfg = Debug|Any CPU
		{57E8C033-3B7E-4C14-9A56-790448EB0234}.Debug|Any CPU.Build.0 = Debug|Any CPU
		{57E8C033-3B7E-4C14-9A56-790448EB0234}.Release|Any CPU.ActiveCfg = Release|Any CPU
		{57E8C033-3B7E-4C14-9A56-790448EB0234}.Release|Any CPU.Build.0 = Release|Any CPU
		{60A35EA7-838F-49A4-B9B0-5402B2C48D64}.Debug|Any CPU.ActiveCfg = Debug|Any CPU
		{60A35EA7-838F-49A4-B9B0-5402B2C48D64}.Debug|Any CPU.Build.0 = Debug|Any CPU
		{60A35EA7-838F-49A4-B9B0-5402B2C48D64}.Release|Any CPU.ActiveCfg = Release|Any CPU
		{60A35EA7-838F-49A4-B9B0-5402B2C48D64}.Release|Any CPU.Build.0 = Release|Any CPU
		{BA6D0793-25E3-46CD-BF05-7717BA54161D}.Debug|Any CPU.ActiveCfg = Debug|Any CPU
		{BA6D0793-25E3-46CD-BF05-7717BA54161D}.Debug|Any CPU.Build.0 = Debug|Any CPU
		{BA6D0793-25E3-46CD-BF05-7717BA54161D}.Release|Any CPU.ActiveCfg = Release|Any CPU
		{BA6D0793-25E3-46CD-BF05-7717BA54161D}.Release|Any CPU.Build.0 = Release|Any CPU
		{BBC55D6D-871C-497C-9CEC-C6AD7AC11100}.Debug|Any CPU.ActiveCfg = Debug|Any CPU
		{BBC55D6D-871C-497C-9CEC-C6AD7AC11100}.Debug|Any CPU.Build.0 = Debug|Any CPU
		{BBC55D6D-871C-497C-9CEC-C6AD7AC11100}.Release|Any CPU.ActiveCfg = Release|Any CPU
		{BBC55D6D-871C-497C-9CEC-C6AD7AC11100}.Release|Any CPU.Build.0 = Release|Any CPU
	EndGlobalSection
	GlobalSection(SolutionProperties) = preSolution
		HideSolutionNode = FALSE
	EndGlobalSection
	GlobalSection(NestedProjects) = preSolution
		{A26D1983-64AA-4544-B5BF-5E38F9E0153F} = {0799307E-2978-44AB-8FA8-0C1EA52EA86E}
		{6E9248B5-9D07-4906-B6B3-5F3DF8EDD2D2} = {EC975EBA-BD13-422B-A1AB-FBDBB6F47B6C}
		{0799307E-2978-44AB-8FA8-0C1EA52EA86E} = {0DE1D43E-58F5-463E-BB33-E24A47A1AC10}
		{270AF04C-3051-4AF9-8C5C-47B9F4FB62C9} = {0799307E-2978-44AB-8FA8-0C1EA52EA86E}
		{DBA68158-0824-4527-A9F3-DC6999613A25} = {0799307E-2978-44AB-8FA8-0C1EA52EA86E}
		{0E401346-B289-4BA2-9745-3F3473A2D737} = {EC975EBA-BD13-422B-A1AB-FBDBB6F47B6C}
		{4B01D380-0AA0-4007-97C6-451007AFE42C} = {0CF3DE36-97D9-4974-A0DE-395C0DD8DD38}
		{706924AD-4D90-49D1-97BC-2817851AAFA4} = {CD76D448-4ADF-4A91-9F92-4DBD6C0E11B9}
		{CD76D448-4ADF-4A91-9F92-4DBD6C0E11B9} = {0DE1D43E-58F5-463E-BB33-E24A47A1AC10}
		{57E8C033-3B7E-4C14-9A56-790448EB0234} = {0CF3DE36-97D9-4974-A0DE-395C0DD8DD38}
		{60A35EA7-838F-49A4-B9B0-5402B2C48D64} = {CD76D448-4ADF-4A91-9F92-4DBD6C0E11B9}
		{1138624B-ED52-44D6-B694-D3DCCCF74C40} = {0DE1D43E-58F5-463E-BB33-E24A47A1AC10}
		{BA6D0793-25E3-46CD-BF05-7717BA54161D} = {1138624B-ED52-44D6-B694-D3DCCCF74C40}
		{BBC55D6D-871C-497C-9CEC-C6AD7AC11100} = {1138624B-ED52-44D6-B694-D3DCCCF74C40}
	EndGlobalSection
	GlobalSection(ExtensibilityGlobals) = postSolution
		SolutionGuid = {6187091A-ED9B-4F74-ABA4-A52DD20AE7A4}
	EndGlobalSection
EndGlobal
